{
  "name": "pondosync-frontend",
  "version": "1.0.0",
  "lockfileVersion": 3,
  "requires": true,
  "packages": {
    "": {
      "name": "pondosync-frontend",
      "version": "1.0.0",
      "dependencies": {
        "pondosync": "file:.."
      }
    },
    "..": {
      "name": "pondosync",
      "version": "1.0.0",
      "license": "MIT"
    },
    "node_modules/pondosync": {
      "resolved": "..",
      "link": true
    }
  }
}
